# This file is automatically @generated by Cargo.
# It is not intended for manual editing.
[[package]]
name = "askama"
version = "0.9.0"
source = "registry+https://github.com/rust-lang/crates.io-index"
dependencies = [
 "askama_derive 0.9.0 (registry+https://github.com/rust-lang/crates.io-index)",
 "askama_escape 0.3.0 (registry+https://github.com/rust-lang/crates.io-index)",
 "askama_shared 0.9.1 (registry+https://github.com/rust-lang/crates.io-index)",
]

[[package]]
name = "askama_derive"
version = "0.9.0"
source = "registry+https://github.com/rust-lang/crates.io-index"
dependencies = [
 "askama_shared 0.9.1 (registry+https://github.com/rust-lang/crates.io-index)",
 "nom 5.1.1 (registry+https://github.com/rust-lang/crates.io-index)",
 "proc-macro2 1.0.9 (registry+https://github.com/rust-lang/crates.io-index)",
 "quote 1.0.3 (registry+https://github.com/rust-lang/crates.io-index)",
 "syn 1.0.16 (registry+https://github.com/rust-lang/crates.io-index)",
]

[[package]]
name = "askama_escape"
version = "0.3.0"
source = "registry+https://github.com/rust-lang/crates.io-index"

[[package]]
name = "askama_shared"
version = "0.9.1"
source = "registry+https://github.com/rust-lang/crates.io-index"
dependencies = [
 "askama_escape 0.3.0 (registry+https://github.com/rust-lang/crates.io-index)",
 "humansize 1.1.0 (registry+https://github.com/rust-lang/crates.io-index)",
 "num-traits 0.2.11 (registry+https://github.com/rust-lang/crates.io-index)",
 "serde 1.0.111 (registry+https://github.com/rust-lang/crates.io-index)",
 "toml 0.5.6 (registry+https://github.com/rust-lang/crates.io-index)",
]

[[package]]
name = "autocfg"
version = "1.0.0"
source = "registry+https://github.com/rust-lang/crates.io-index"

[[package]]
name = "dtoa"
version = "0.4.5"
source = "registry+https://github.com/rust-lang/crates.io-index"

[[package]]
name = "humansize"
version = "1.1.0"
source = "registry+https://github.com/rust-lang/crates.io-index"

[[package]]
name = "linked-hash-map"
version = "0.5.2"
source = "registry+https://github.com/rust-lang/crates.io-index"

[[package]]
name = "memchr"
version = "2.3.3"
source = "registry+https://github.com/rust-lang/crates.io-index"

[[package]]
name = "nom"
version = "5.1.1"
source = "registry+https://github.com/rust-lang/crates.io-index"
dependencies = [
 "memchr 2.3.3 (registry+https://github.com/rust-lang/crates.io-index)",
 "version_check 0.9.2 (registry+https://github.com/rust-lang/crates.io-index)",
]

[[package]]
name = "num-traits"
version = "0.2.11"
source = "registry+https://github.com/rust-lang/crates.io-index"
dependencies = [
 "autocfg 1.0.0 (registry+https://github.com/rust-lang/crates.io-index)",
]

[[package]]
name = "proc-macro2"
version = "1.0.9"
source = "registry+https://github.com/rust-lang/crates.io-index"
dependencies = [
 "unicode-xid 0.2.0 (registry+https://github.com/rust-lang/crates.io-index)",
]

[[package]]
name = "quote"
version = "1.0.3"
source = "registry+https://github.com/rust-lang/crates.io-index"
dependencies = [
 "proc-macro2 1.0.9 (registry+https://github.com/rust-lang/crates.io-index)",
]

[[package]]
name = "render"
version = "0.1.0"
dependencies = [
 "askama 0.9.0 (registry+https://github.com/rust-lang/crates.io-index)",
 "serde 1.0.111 (registry+https://github.com/rust-lang/crates.io-index)",
 "serde_derive 1.0.111 (registry+https://github.com/rust-lang/crates.io-index)",
 "serde_yaml 0.8.12 (registry+https://github.com/rust-lang/crates.io-index)",
]

[[package]]
name = "serde"
version = "1.0.111"
source = "registry+https://github.com/rust-lang/crates.io-index"
dependencies = [
 "serde_derive 1.0.111 (registry+https://github.com/rust-lang/crates.io-index)",
]

[[package]]
name = "serde_derive"
version = "1.0.111"
source = "registry+https://github.com/rust-lang/crates.io-index"
dependencies = [
 "proc-macro2 1.0.9 (registry+https://github.com/rust-lang/crates.io-index)",
 "quote 1.0.3 (registry+https://github.com/rust-lang/crates.io-index)",
 "syn 1.0.16 (registry+https://github.com/rust-lang/crates.io-index)",
]

[[package]]
name = "serde_yaml"
version = "0.8.12"
source = "registry+https://github.com/rust-lang/crates.io-index"
dependencies = [
 "dtoa 0.4.5 (registry+https://github.com/rust-lang/crates.io-index)",
 "linked-hash-map 0.5.2 (registry+https://github.com/rust-lang/crates.io-index)",
 "serde 1.0.111 (registry+https://github.com/rust-lang/crates.io-index)",
 "yaml-rust 0.4.3 (registry+https://github.com/rust-lang/crates.io-index)",
]

[[package]]
name = "syn"
version = "1.0.16"
source = "registry+https://github.com/rust-lang/crates.io-index"
dependencies = [
 "proc-macro2 1.0.9 (registry+https://github.com/rust-lang/crates.io-index)",
 "quote 1.0.3 (registry+https://github.com/rust-lang/crates.io-index)",
 "unicode-xid 0.2.0 (registry+https://github.com/rust-lang/crates.io-index)",
]

[[package]]
name = "toml"
version = "0.5.6"
source = "registry+https://github.com/rust-lang/crates.io-index"
dependencies = [
 "serde 1.0.111 (registry+https://github.com/rust-lang/crates.io-index)",
]

[[package]]
name = "unicode-xid"
version = "0.2.0"
source = "registry+https://github.com/rust-lang/crates.io-index"

[[package]]
name = "version_check"
version = "0.9.2"
source = "registry+https://github.com/rust-lang/crates.io-index"

[[package]]
name = "yaml-rust"
version = "0.4.3"
source = "registry+https://github.com/rust-lang/crates.io-index"
dependencies = [
 "linked-hash-map 0.5.2 (registry+https://github.com/rust-lang/crates.io-index)",
]

[metadata]
"checksum askama 0.9.0 (registry+https://github.com/rust-lang/crates.io-index)" = "10a1fb9e41eb366cbcd267da2094be5b7e62fdbca9f82091e7503e80f885050d"
"checksum askama_derive 0.9.0 (registry+https://github.com/rust-lang/crates.io-index)" = "e1012c270085fa35ece6a48a569544fde85b6d9ee41074c7b706cc912a03f939"
"checksum askama_escape 0.3.0 (registry+https://github.com/rust-lang/crates.io-index)" = "7a577aeba5fec1aafb9f195d98cfcc38a78b588e4ebf9b15f62ca1c7aa33795a"
"checksum askama_shared 0.9.1 (registry+https://github.com/rust-lang/crates.io-index)" = "8ee517f4e33c27b129928e71d8a044d54c513e72e0b72ec5c4f5f1823e9de353"
"checksum autocfg 1.0.0 (registry+https://github.com/rust-lang/crates.io-index)" = "f8aac770f1885fd7e387acedd76065302551364496e46b3dd00860b2f8359b9d"
"checksum dtoa 0.4.5 (registry+https://github.com/rust-lang/crates.io-index)" = "4358a9e11b9a09cf52383b451b49a169e8d797b68aa02301ff586d70d9661ea3"
"checksum humansize 1.1.0 (registry+https://github.com/rust-lang/crates.io-index)" = "b6cab2627acfc432780848602f3f558f7e9dd427352224b0d9324025796d2a5e"
"checksum linked-hash-map 0.5.2 (registry+https://github.com/rust-lang/crates.io-index)" = "ae91b68aebc4ddb91978b11a1b02ddd8602a05ec19002801c5666000e05e0f83"
"checksum memchr 2.3.3 (registry+https://github.com/rust-lang/crates.io-index)" = "3728d817d99e5ac407411fa471ff9800a778d88a24685968b36824eaf4bee400"
"checksum nom 5.1.1 (registry+https://github.com/rust-lang/crates.io-index)" = "0b471253da97532da4b61552249c521e01e736071f71c1a4f7ebbfbf0a06aad6"
"checksum num-traits 0.2.11 (registry+https://github.com/rust-lang/crates.io-index)" = "c62be47e61d1842b9170f0fdeec8eba98e60e90e5446449a0545e5152acd7096"
"checksum proc-macro2 1.0.9 (registry+https://github.com/rust-lang/crates.io-index)" = "6c09721c6781493a2a492a96b5a5bf19b65917fe6728884e7c44dd0c60ca3435"
"checksum quote 1.0.3 (registry+https://github.com/rust-lang/crates.io-index)" = "2bdc6c187c65bca4260c9011c9e3132efe4909da44726bad24cf7572ae338d7f"
"checksum serde 1.0.111 (registry+https://github.com/rust-lang/crates.io-index)" = "c9124df5b40cbd380080b2cc6ab894c040a3070d995f5c9dc77e18c34a8ae37d"
"checksum serde_derive 1.0.111 (registry+https://github.com/rust-lang/crates.io-index)" = "3f2c3ac8e6ca1e9c80b8be1023940162bf81ae3cffbb1809474152f2ce1eb250"
"checksum serde_yaml 0.8.12 (registry+https://github.com/rust-lang/crates.io-index)" = "16c7a592a1ec97c9c1c68d75b6e537dcbf60c7618e038e7841e00af1d9ccf0c4"
"checksum syn 1.0.16 (registry+https://github.com/rust-lang/crates.io-index)" = "123bd9499cfb380418d509322d7a6d52e5315f064fe4b3ad18a53d6b92c07859"
"checksum toml 0.5.6 (registry+https://github.com/rust-lang/crates.io-index)" = "ffc92d160b1eef40665be3a05630d003936a3bc7da7421277846c2613e92c71a"
"checksum unicode-xid 0.2.0 (registry+https://github.com/rust-lang/crates.io-index)" = "826e7639553986605ec5979c7dd957c7895e93eabed50ab2ffa7f6128a75097c"
"checksum version_check 0.9.2 (registry+https://github.com/rust-lang/crates.io-index)" = "b5a972e5669d67ba988ce3dc826706fb0a8b01471c088cb0b6110b805cc36aed"
"checksum yaml-rust 0.4.3 (registry+https://github.com/rust-lang/crates.io-index)" = "65923dd1784f44da1d2c3dbbc5e822045628c590ba72123e1c73d3c230c4434d"
